
Microsoft Visual Studio Solution File, Format Version 12.00
# Visual Studio 15
VisualStudioVersion = 15.0.27703.2026
MinimumVisualStudioVersion = 10.0.40219.1
Project("{FAE04EC0-301F-11D3-BF4B-00C04F79EFBC}") = "VueWebCore", "VueWebCore\VueWebCore.csproj", "{D5848521-7592-4CEC-971E-F0D5C00D0FA4}"
EndProject
Global
	GlobalSection(SolutionConfigurationPlatforms) = preSolution
		Debug|Any CPU = Debug|Any CPU
		Release|Any CPU = Release|Any CPU
	EndGlobalSection
	GlobalSection(ProjectConfigurationPlatforms) = postSolution
		{D5848521-7592-4CEC-971E-F0D5C00D0FA4}.Debug|Any CPU.ActiveCfg = Debug|Any CPU
		{D5848521-7592-4CEC-971E-F0D5C00D0FA4}.Debug|Any CPU.Build.0 = Debug|Any CPU
		{D5848521-7592-4CEC-971E-F0D5C00D0FA4}.Release|Any CPU.ActiveCfg = Release|Any CPU
		{D5848521-7592-4CEC-971E-F0D5C00D0FA4}.Release|Any CPU.Build.0 = Release|Any CPU
	EndGlobalSection
	GlobalSection(SolutionProperties) = preSolution
		HideSolutionNode = FALSE
	EndGlobalSection
	GlobalSection(ExtensibilityGlobals) = postSolution
		SolutionGuid = {FC5A789B-5869-4430-B13D-FADE3376B26C}
	EndGlobalSection
EndGlobal
